
Microsoft Visual Studio Solution File, Format Version 12.00
# Visual Studio Version 16
VisualStudioVersion = 16.0.30717.126
MinimumVisualStudioVersion = 10.0.40219.1
Project("{FAE04EC0-301F-11D3-BF4B-00C04F79EFBC}") = "Acorisoft.Morisa", "src\Acorisoft.Morisa\Acorisoft.Morisa.csproj", "{2AE1C8AA-B9CB-4151-BEA1-0DBB19ADF0A2}"
EndProject
Project("{9A19103F-16F7-4668-BE54-9A1E7A4F7556}") = "Acorisoft.Morisa.Tests", "src\Acorisoft.Morisa.Tests\Acorisoft.Morisa.Tests.csproj", "{9B31D456-1D53-48FB-B5AD-9CAA8B68B847}"
EndProject
Global
	GlobalSection(SolutionConfigurationPlatforms) = preSolution
		Debug|Any CPU = Debug|Any CPU
		Release|Any CPU = Release|Any CPU
	EndGlobalSection
	GlobalSection(ProjectConfigurationPlatforms) = postSolution
		{2AE1C8AA-B9CB-4151-BEA1-0DBB19ADF0A2}.Debug|Any CPU.ActiveCfg = Debug|Any CPU
		{2AE1C8AA-B9CB-4151-BEA1-0DBB19ADF0A2}.Debug|Any CPU.Build.0 = Debug|Any CPU
		{2AE1C8AA-B9CB-4151-BEA1-0DBB19ADF0A2}.Release|Any CPU.ActiveCfg = Release|Any CPU
		{2AE1C8AA-B9CB-4151-BEA1-0DBB19ADF0A2}.Release|Any CPU.Build.0 = Release|Any CPU
		{9B31D456-1D53-48FB-B5AD-9CAA8B68B847}.Debug|Any CPU.ActiveCfg = Debug|Any CPU
		{9B31D456-1D53-48FB-B5AD-9CAA8B68B847}.Debug|Any CPU.Build.0 = Debug|Any CPU
		{9B31D456-1D53-48FB-B5AD-9CAA8B68B847}.Release|Any CPU.ActiveCfg = Release|Any CPU
		{9B31D456-1D53-48FB-B5AD-9CAA8B68B847}.Release|Any CPU.Build.0 = Release|Any CPU
	EndGlobalSection
	GlobalSection(SolutionProperties) = preSolution
		HideSolutionNode = FALSE
	EndGlobalSection
	GlobalSection(ExtensibilityGlobals) = postSolution
		RESX_SortFileContentOnSave = True
		RESX_NeutralResourcesLanguage = zh-Hans
		SolutionGuid = {3EE6B840-2DC2-4DF7-8922-192714C85F7B}
	EndGlobalSection
EndGlobal
