
Microsoft Visual Studio Solution File, Format Version 12.00
Project("{FAE04EC0-301F-11D3-BF4B-00C04F79EFBC}") = "Acorisoft.Extensions.Platform", "src\Acorisoft.Extensions.Platform\Acorisoft.Extensions.Platform.csproj", "{E8E61D0A-F213-4120-A36F-3DB37DC21643}"
EndProject
Project("{FAE04EC0-301F-11D3-BF4B-00C04F79EFBC}") = "Acorisoft.Extensions.Platform.Windows", "src\Acorisoft.Extensions.Platform.Windows\Acorisoft.Extensions.Platform.Windows.csproj", "{EC9AF834-797B-4D82-8742-CE7EE46A2ADF}"
EndProject
Project("{2150E333-8FDC-42A3-9474-1A3956D46DE8}") = "MSBuildTargets", "MSBuildTargets", "{3DE9BC3D-135C-488D-933B-4E6B7C7D598B}"
ProjectSection(SolutionItems) = preProject
	ioc.targets = ioc.targets
	rxui.targets = rxui.targets
	rx.targets = rx.targets
	db.targets = db.targets
EndProjectSection
EndProject
Global
	GlobalSection(SolutionConfigurationPlatforms) = preSolution
		Debug|Any CPU = Debug|Any CPU
		Release|Any CPU = Release|Any CPU
	EndGlobalSection
	GlobalSection(ProjectConfigurationPlatforms) = postSolution
		{E8E61D0A-F213-4120-A36F-3DB37DC21643}.Debug|Any CPU.ActiveCfg = Debug|Any CPU
		{E8E61D0A-F213-4120-A36F-3DB37DC21643}.Debug|Any CPU.Build.0 = Debug|Any CPU
		{E8E61D0A-F213-4120-A36F-3DB37DC21643}.Release|Any CPU.ActiveCfg = Release|Any CPU
		{E8E61D0A-F213-4120-A36F-3DB37DC21643}.Release|Any CPU.Build.0 = Release|Any CPU
		{EC9AF834-797B-4D82-8742-CE7EE46A2ADF}.Debug|Any CPU.ActiveCfg = Debug|Any CPU
		{EC9AF834-797B-4D82-8742-CE7EE46A2ADF}.Debug|Any CPU.Build.0 = Debug|Any CPU
		{EC9AF834-797B-4D82-8742-CE7EE46A2ADF}.Release|Any CPU.ActiveCfg = Release|Any CPU
		{EC9AF834-797B-4D82-8742-CE7EE46A2ADF}.Release|Any CPU.Build.0 = Release|Any CPU
	EndGlobalSection
EndGlobal
