
Microsoft Visual Studio Solution File, Format Version 12.00
Project("{FAE04EC0-301F-11D3-BF4B-00C04F79EFBC}") = "ICSharpCode.AvalonEdit", "AvalonEdit\ICSharpCode.AvalonEdit\ICSharpCode.AvalonEdit.csproj", "{EB880213-45EB-4B38-8C0D-A7CF156FF710}"
EndProject
Project("{FAE04EC0-301F-11D3-BF4B-00C04F79EFBC}") = "Markdig", "markdig\src\Markdig\Markdig.csproj", "{DCE7BA50-5870-4F27-839A-3B7164D21261}"
EndProject
Project("{FAE04EC0-301F-11D3-BF4B-00C04F79EFBC}") = "Markdig.Wpf", "markdig.wpf\src\Markdig.Wpf\Markdig.Wpf.csproj", "{74256422-9009-4414-B86E-5A86A2AB5F8D}"
EndProject
Project("{FAE04EC0-301F-11D3-BF4B-00C04F79EFBC}") = "Acorisoft.Editor.Sample", "src\Acorisoft.Editor.Sample\Acorisoft.Editor.Sample.csproj", "{8D3589D3-4FC6-450B-ACFD-D00053E67CF5}"
EndProject
Project("{FAE04EC0-301F-11D3-BF4B-00C04F79EFBC}") = "Acorisoft.Editor", "src\Acorisoft.Editor\Acorisoft.Editor.csproj", "{FA4E8EB9-F6FB-4C52-BF41-9632A5E47695}"
EndProject
Global
	GlobalSection(SolutionConfigurationPlatforms) = preSolution
		Debug|Any CPU = Debug|Any CPU
		Release|Any CPU = Release|Any CPU
	EndGlobalSection
	GlobalSection(ProjectConfigurationPlatforms) = postSolution
		{EB880213-45EB-4B38-8C0D-A7CF156FF710}.Debug|Any CPU.ActiveCfg = Debug|Any CPU
		{EB880213-45EB-4B38-8C0D-A7CF156FF710}.Debug|Any CPU.Build.0 = Debug|Any CPU
		{EB880213-45EB-4B38-8C0D-A7CF156FF710}.Release|Any CPU.ActiveCfg = Release|Any CPU
		{EB880213-45EB-4B38-8C0D-A7CF156FF710}.Release|Any CPU.Build.0 = Release|Any CPU
		{DCE7BA50-5870-4F27-839A-3B7164D21261}.Debug|Any CPU.ActiveCfg = Debug|Any CPU
		{DCE7BA50-5870-4F27-839A-3B7164D21261}.Debug|Any CPU.Build.0 = Debug|Any CPU
		{DCE7BA50-5870-4F27-839A-3B7164D21261}.Release|Any CPU.ActiveCfg = Release|Any CPU
		{DCE7BA50-5870-4F27-839A-3B7164D21261}.Release|Any CPU.Build.0 = Release|Any CPU
		{74256422-9009-4414-B86E-5A86A2AB5F8D}.Debug|Any CPU.ActiveCfg = Debug|Any CPU
		{74256422-9009-4414-B86E-5A86A2AB5F8D}.Debug|Any CPU.Build.0 = Debug|Any CPU
		{74256422-9009-4414-B86E-5A86A2AB5F8D}.Release|Any CPU.ActiveCfg = Release|Any CPU
		{74256422-9009-4414-B86E-5A86A2AB5F8D}.Release|Any CPU.Build.0 = Release|Any CPU
		{8D3589D3-4FC6-450B-ACFD-D00053E67CF5}.Debug|Any CPU.ActiveCfg = Debug|Any CPU
		{8D3589D3-4FC6-450B-ACFD-D00053E67CF5}.Debug|Any CPU.Build.0 = Debug|Any CPU
		{8D3589D3-4FC6-450B-ACFD-D00053E67CF5}.Release|Any CPU.ActiveCfg = Release|Any CPU
		{8D3589D3-4FC6-450B-ACFD-D00053E67CF5}.Release|Any CPU.Build.0 = Release|Any CPU
		{FA4E8EB9-F6FB-4C52-BF41-9632A5E47695}.Debug|Any CPU.ActiveCfg = Debug|Any CPU
		{FA4E8EB9-F6FB-4C52-BF41-9632A5E47695}.Debug|Any CPU.Build.0 = Debug|Any CPU
		{FA4E8EB9-F6FB-4C52-BF41-9632A5E47695}.Release|Any CPU.ActiveCfg = Release|Any CPU
		{FA4E8EB9-F6FB-4C52-BF41-9632A5E47695}.Release|Any CPU.Build.0 = Release|Any CPU
	EndGlobalSection
EndGlobal
