
Microsoft Visual Studio Solution File, Format Version 12.00
# Visual Studio Version 16
VisualStudioVersion = 16.0.31025.194
MinimumVisualStudioVersion = 10.0.40219.1
Project("{9A19103F-16F7-4668-BE54-9A1E7A4F7556}") = "Pandora", "frameworks\Pandora\Pandora.csproj", "{4F572262-19AB-4211-BCEF-8ACEAA73B37B}"
EndProject
Project("{9A19103F-16F7-4668-BE54-9A1E7A4F7556}") = "Pandora.Host", "frameworks\Pandora.Host\Pandora.Host.csproj", "{AC7B2138-7FB6-4F5A-81C3-909DD92DAB5F}"
EndProject
Project("{9A19103F-16F7-4668-BE54-9A1E7A4F7556}") = "Markdig", "markdig\src\Markdig\Markdig.csproj", "{ADCE4271-3453-4BBE-9AB0-8A7D204A4174}"
EndProject
Project("{9A19103F-16F7-4668-BE54-9A1E7A4F7556}") = "Markdig.Wpf", "markdig.wpf\src\Markdig.Wpf\Markdig.Wpf.csproj", "{BD678C5B-1AC1-4DD1-932C-F73D5576C230}"
EndProject
Project("{9A19103F-16F7-4668-BE54-9A1E7A4F7556}") = "ICSharpCode.AvalonEdit", "AvalonEdit\ICSharpCode.AvalonEdit\ICSharpCode.AvalonEdit.csproj", "{B9144E93-B248-4CE2-95B3-14E7EA127AE4}"
EndProject
Global
	GlobalSection(SolutionConfigurationPlatforms) = preSolution
		Debug|Any CPU = Debug|Any CPU
		Release_Signed|Any CPU = Release_Signed|Any CPU
		Release|Any CPU = Release|Any CPU
	EndGlobalSection
	GlobalSection(ProjectConfigurationPlatforms) = postSolution
		{4F572262-19AB-4211-BCEF-8ACEAA73B37B}.Debug|Any CPU.ActiveCfg = Debug|Any CPU
		{4F572262-19AB-4211-BCEF-8ACEAA73B37B}.Debug|Any CPU.Build.0 = Debug|Any CPU
		{4F572262-19AB-4211-BCEF-8ACEAA73B37B}.Release_Signed|Any CPU.ActiveCfg = Release|Any CPU
		{4F572262-19AB-4211-BCEF-8ACEAA73B37B}.Release_Signed|Any CPU.Build.0 = Release|Any CPU
		{4F572262-19AB-4211-BCEF-8ACEAA73B37B}.Release|Any CPU.ActiveCfg = Release|Any CPU
		{4F572262-19AB-4211-BCEF-8ACEAA73B37B}.Release|Any CPU.Build.0 = Release|Any CPU
		{AC7B2138-7FB6-4F5A-81C3-909DD92DAB5F}.Debug|Any CPU.ActiveCfg = Debug|Any CPU
		{AC7B2138-7FB6-4F5A-81C3-909DD92DAB5F}.Debug|Any CPU.Build.0 = Debug|Any CPU
		{AC7B2138-7FB6-4F5A-81C3-909DD92DAB5F}.Release_Signed|Any CPU.ActiveCfg = Release|Any CPU
		{AC7B2138-7FB6-4F5A-81C3-909DD92DAB5F}.Release_Signed|Any CPU.Build.0 = Release|Any CPU
		{AC7B2138-7FB6-4F5A-81C3-909DD92DAB5F}.Release|Any CPU.ActiveCfg = Release|Any CPU
		{AC7B2138-7FB6-4F5A-81C3-909DD92DAB5F}.Release|Any CPU.Build.0 = Release|Any CPU
		{ADCE4271-3453-4BBE-9AB0-8A7D204A4174}.Debug|Any CPU.ActiveCfg = Debug|Any CPU
		{ADCE4271-3453-4BBE-9AB0-8A7D204A4174}.Debug|Any CPU.Build.0 = Debug|Any CPU
		{ADCE4271-3453-4BBE-9AB0-8A7D204A4174}.Release_Signed|Any CPU.ActiveCfg = Release|Any CPU
		{ADCE4271-3453-4BBE-9AB0-8A7D204A4174}.Release_Signed|Any CPU.Build.0 = Release|Any CPU
		{ADCE4271-3453-4BBE-9AB0-8A7D204A4174}.Release|Any CPU.ActiveCfg = Release|Any CPU
		{ADCE4271-3453-4BBE-9AB0-8A7D204A4174}.Release|Any CPU.Build.0 = Release|Any CPU
		{BD678C5B-1AC1-4DD1-932C-F73D5576C230}.Debug|Any CPU.ActiveCfg = Debug|Any CPU
		{BD678C5B-1AC1-4DD1-932C-F73D5576C230}.Debug|Any CPU.Build.0 = Debug|Any CPU
		{BD678C5B-1AC1-4DD1-932C-F73D5576C230}.Release_Signed|Any CPU.ActiveCfg = Release_Signed|Any CPU
		{BD678C5B-1AC1-4DD1-932C-F73D5576C230}.Release_Signed|Any CPU.Build.0 = Release_Signed|Any CPU
		{BD678C5B-1AC1-4DD1-932C-F73D5576C230}.Release|Any CPU.ActiveCfg = Release|Any CPU
		{BD678C5B-1AC1-4DD1-932C-F73D5576C230}.Release|Any CPU.Build.0 = Release|Any CPU
		{B9144E93-B248-4CE2-95B3-14E7EA127AE4}.Debug|Any CPU.ActiveCfg = Debug|Any CPU
		{B9144E93-B248-4CE2-95B3-14E7EA127AE4}.Debug|Any CPU.Build.0 = Debug|Any CPU
		{B9144E93-B248-4CE2-95B3-14E7EA127AE4}.Release_Signed|Any CPU.ActiveCfg = Release|Any CPU
		{B9144E93-B248-4CE2-95B3-14E7EA127AE4}.Release_Signed|Any CPU.Build.0 = Release|Any CPU
		{B9144E93-B248-4CE2-95B3-14E7EA127AE4}.Release|Any CPU.ActiveCfg = Release|Any CPU
		{B9144E93-B248-4CE2-95B3-14E7EA127AE4}.Release|Any CPU.Build.0 = Release|Any CPU
	EndGlobalSection
	GlobalSection(SolutionProperties) = preSolution
		HideSolutionNode = FALSE
	EndGlobalSection
	GlobalSection(ExtensibilityGlobals) = postSolution
		SolutionGuid = {4D4449AB-F0FC-403E-BE4E-46C5994E2D85}
	EndGlobalSection
EndGlobal
